// !$*UTF8*$!
{
	archiveVersion = 1;
	classes = {
	};
	objectVersion = 50;
	objects = {

/* Begin PBXBuildFile section */
		1F603A842141ADBE00AE293A /* Blockstack.swift in Sources */ = {isa = PBXBuildFile; fileRef = 1F603A832141ADBE00AE293A /* Blockstack.swift */; };
		1F603A862141AE4600AE293A /* Realm.swift in Sources */ = {isa = PBXBuildFile; fileRef = 1F603A852141AE4600AE293A /* Realm.swift */; };
		1F603A892141AE8A00AE293A /* AddNoteViewController.swift in Sources */ = {isa = PBXBuildFile; fileRef = 1F603A882141AE8A00AE293A /* AddNoteViewController.swift */; };
		1F603A8B2141AEBD00AE293A /* NotesTableViewController.swift in Sources */ = {isa = PBXBuildFile; fileRef = 1F603A8A2141AEBD00AE293A /* NotesTableViewController.swift */; };
		1F8797632141AAC8004BEA1D /* AppDelegate.swift in Sources */ = {isa = PBXBuildFile; fileRef = 1F8797622141AAC8004BEA1D /* AppDelegate.swift */; };
		1F8797652141AAC8004BEA1D /* NoteViewController.swift in Sources */ = {isa = PBXBuildFile; fileRef = 1F8797642141AAC8004BEA1D /* NoteViewController.swift */; };
		1F8797682141AAC8004BEA1D /* Main.storyboard in Resources */ = {isa = PBXBuildFile; fileRef = 1F8797662141AAC8004BEA1D /* Main.storyboard */; };
		1F87976A2141AAC9004BEA1D /* Assets.xcassets in Resources */ = {isa = PBXBuildFile; fileRef = 1F8797692141AAC9004BEA1D /* Assets.xcassets */; };
		1F87976D2141AAC9004BEA1D /* LaunchScreen.storyboard in Resources */ = {isa = PBXBuildFile; fileRef = 1F87976B2141AAC9004BEA1D /* LaunchScreen.storyboard */; };
		1F8797782141AAC9004BEA1D /* BlocknoteTests.swift in Sources */ = {isa = PBXBuildFile; fileRef = 1F8797772141AAC9004BEA1D /* BlocknoteTests.swift */; };
		1F8797832141AACA004BEA1D /* BlocknoteUITests.swift in Sources */ = {isa = PBXBuildFile; fileRef = 1F8797822141AACA004BEA1D /* BlocknoteUITests.swift */; };
		1FF1EC8D21B1FD3D00840F69 /* BlockstackAuthViewController.swift in Sources */ = {isa = PBXBuildFile; fileRef = 1FF1EC8C21B1FD3D00840F69 /* BlockstackAuthViewController.swift */; };
		815E9F5442F04604594853B7 /* Pods_BlocknoteTests.framework in Frameworks */ = {isa = PBXBuildFile; fileRef = 0F503D83B4838D61781CC12B /* Pods_BlocknoteTests.framework */; };
		C02436C3FAEAD0007B81C6F4 /* Pods_BlocknoteUITests.framework in Frameworks */ = {isa = PBXBuildFile; fileRef = 7D08CD3BC156C32A6FD32E06 /* Pods_BlocknoteUITests.framework */; };
		C74025846992B039BC75BA5D /* Pods_Blocknote.framework in Frameworks */ = {isa = PBXBuildFile; fileRef = 2E77D9754FB8B9C7D3C73059 /* Pods_Blocknote.framework */; };
/* End PBXBuildFile section */

/* Begin PBXContainerItemProxy section */
		1F8797742141AAC9004BEA1D /* PBXContainerItemProxy */ = {
			isa = PBXContainerItemProxy;
			containerPortal = 1F8797572141AAC8004BEA1D /* Project object */;
			proxyType = 1;
			remoteGlobalIDString = 1F87975E2141AAC8004BEA1D;
			remoteInfo = Blocknote;
		};
		1F87977F2141AACA004BEA1D /* PBXContainerItemProxy */ = {
			isa = PBXContainerItemProxy;
			containerPortal = 1F8797572141AAC8004BEA1D /* Project object */;
			proxyType = 1;
			remoteGlobalIDString = 1F87975E2141AAC8004BEA1D;
			remoteInfo = Blocknote;
		};
/* End PBXContainerItemProxy section */

/* Begin PBXFileReference section */
		0F503D83B4838D61781CC12B /* Pods_BlocknoteTests.framework */ = {isa = PBXFileReference; explicitFileType = wrapper.framework; includeInIndex = 0; path = Pods_BlocknoteTests.framework; sourceTree = BUILT_PRODUCTS_DIR; };
		1CCE52DDE6B7A8A7E8756114 /* Pods-Blocknote.release.xcconfig */ = {isa = PBXFileReference; includeInIndex = 1; lastKnownFileType = text.xcconfig; name = "Pods-Blocknote.release.xcconfig"; path = "Pods/Target Support Files/Pods-Blocknote/Pods-Blocknote.release.xcconfig"; sourceTree = "<group>"; };
		1F603A832141ADBE00AE293A /* Blockstack.swift */ = {isa = PBXFileReference; lastKnownFileType = sourcecode.swift; path = Blockstack.swift; sourceTree = "<group>"; };
		1F603A852141AE4600AE293A /* Realm.swift */ = {isa = PBXFileReference; lastKnownFileType = sourcecode.swift; path = Realm.swift; sourceTree = "<group>"; };
		1F603A882141AE8A00AE293A /* AddNoteViewController.swift */ = {isa = PBXFileReference; lastKnownFileType = sourcecode.swift; path = AddNoteViewController.swift; sourceTree = "<group>"; };
		1F603A8A2141AEBD00AE293A /* NotesTableViewController.swift */ = {isa = PBXFileReference; lastKnownFileType = sourcecode.swift; path = NotesTableViewController.swift; sourceTree = "<group>"; };
		1F87975F2141AAC8004BEA1D /* Blocknote.app */ = {isa = PBXFileReference; explicitFileType = wrapper.application; includeInIndex = 0; path = Blocknote.app; sourceTree = BUILT_PRODUCTS_DIR; };
		1F8797622141AAC8004BEA1D /* AppDelegate.swift */ = {isa = PBXFileReference; lastKnownFileType = sourcecode.swift; path = AppDelegate.swift; sourceTree = "<group>"; };
		1F8797642141AAC8004BEA1D /* NoteViewController.swift */ = {isa = PBXFileReference; lastKnownFileType = sourcecode.swift; path = NoteViewController.swift; sourceTree = "<group>"; };
		1F8797672141AAC8004BEA1D /* Base */ = {isa = PBXFileReference; lastKnownFileType = file.storyboard; name = Base; path = Base.lproj/Main.storyboard; sourceTree = "<group>"; };
		1F8797692141AAC9004BEA1D /* Assets.xcassets */ = {isa = PBXFileReference; lastKnownFileType = folder.assetcatalog; path = Assets.xcassets; sourceTree = "<group>"; };
		1F87976C2141AAC9004BEA1D /* Base */ = {isa = PBXFileReference; lastKnownFileType = file.storyboard; name = Base; path = Base.lproj/LaunchScreen.storyboard; sourceTree = "<group>"; };
		1F87976E2141AAC9004BEA1D /* Info.plist */ = {isa = PBXFileReference; lastKnownFileType = text.plist.xml; path = Info.plist; sourceTree = "<group>"; };
		1F8797732141AAC9004BEA1D /* BlocknoteTests.xctest */ = {isa = PBXFileReference; explicitFileType = wrapper.cfbundle; includeInIndex = 0; path = BlocknoteTests.xctest; sourceTree = BUILT_PRODUCTS_DIR; };
		1F8797772141AAC9004BEA1D /* BlocknoteTests.swift */ = {isa = PBXFileReference; lastKnownFileType = sourcecode.swift; path = BlocknoteTests.swift; sourceTree = "<group>"; };
		1F8797792141AAC9004BEA1D /* Info.plist */ = {isa = PBXFileReference; lastKnownFileType = text.plist.xml; path = Info.plist; sourceTree = "<group>"; };
		1F87977E2141AACA004BEA1D /* BlocknoteUITests.xctest */ = {isa = PBXFileReference; explicitFileType = wrapper.cfbundle; includeInIndex = 0; path = BlocknoteUITests.xctest; sourceTree = BUILT_PRODUCTS_DIR; };
		1F8797822141AACA004BEA1D /* BlocknoteUITests.swift */ = {isa = PBXFileReference; lastKnownFileType = sourcecode.swift; path = BlocknoteUITests.swift; sourceTree = "<group>"; };
		1F8797842141AACA004BEA1D /* Info.plist */ = {isa = PBXFileReference; lastKnownFileType = text.plist.xml; path = Info.plist; sourceTree = "<group>"; };
		1FF1EC8C21B1FD3D00840F69 /* BlockstackAuthViewController.swift */ = {isa = PBXFileReference; lastKnownFileType = sourcecode.swift; path = BlockstackAuthViewController.swift; sourceTree = "<group>"; };
		2E77D9754FB8B9C7D3C73059 /* Pods_Blocknote.framework */ = {isa = PBXFileReference; explicitFileType = wrapper.framework; includeInIndex = 0; path = Pods_Blocknote.framework; sourceTree = BUILT_PRODUCTS_DIR; };
		4F33B7DB043AE765B15BD66A /* Pods-BlocknoteTests.debug.xcconfig */ = {isa = PBXFileReference; includeInIndex = 1; lastKnownFileType = text.xcconfig; name = "Pods-BlocknoteTests.debug.xcconfig"; path = "Pods/Target Support Files/Pods-BlocknoteTests/Pods-BlocknoteTests.debug.xcconfig"; sourceTree = "<group>"; };
		78EAFB2103D640D3D2330383 /* Pods-BlocknoteUITests.debug.xcconfig */ = {isa = PBXFileReference; includeInIndex = 1; lastKnownFileType = text.xcconfig; name = "Pods-BlocknoteUITests.debug.xcconfig"; path = "Pods/Target Support Files/Pods-BlocknoteUITests/Pods-BlocknoteUITests.debug.xcconfig"; sourceTree = "<group>"; };
		7D08CD3BC156C32A6FD32E06 /* Pods_BlocknoteUITests.framework */ = {isa = PBXFileReference; explicitFileType = wrapper.framework; includeInIndex = 0; path = Pods_BlocknoteUITests.framework; sourceTree = BUILT_PRODUCTS_DIR; };
		8F59364C2B703C43843E60F6 /* Pods-BlocknoteUITests.release.xcconfig */ = {isa = PBXFileReference; includeInIndex = 1; lastKnownFileType = text.xcconfig; name = "Pods-BlocknoteUITests.release.xcconfig"; path = "Pods/Target Support Files/Pods-BlocknoteUITests/Pods-BlocknoteUITests.release.xcconfig"; sourceTree = "<group>"; };
		A7BE4EBAE874332168773AD9 /* Pods-BlocknoteTests.release.xcconfig */ = {isa = PBXFileReference; includeInIndex = 1; lastKnownFileType = text.xcconfig; name = "Pods-BlocknoteTests.release.xcconfig"; path = "Pods/Target Support Files/Pods-BlocknoteTests/Pods-BlocknoteTests.release.xcconfig"; sourceTree = "<group>"; };
		AE27B85EACE208EB9B4F2CDC /* Pods-Blocknote.debug.xcconfig */ = {isa = PBXFileReference; includeInIndex = 1; lastKnownFileType = text.xcconfig; name = "Pods-Blocknote.debug.xcconfig"; path = "Pods/Target Support Files/Pods-Blocknote/Pods-Blocknote.debug.xcconfig"; sourceTree = "<group>"; };
/* End PBXFileReference section */

/* Begin PBXFrameworksBuildPhase section */
		1F87975C2141AAC8004BEA1D /* Frameworks */ = {
			isa = PBXFrameworksBuildPhase;
			buildActionMask = 2147483647;
			files = (
				C74025846992B039BC75BA5D /* Pods_Blocknote.framework in Frameworks */,
			);
			runOnlyForDeploymentPostprocessing = 0;
		};
		1F8797702141AAC9004BEA1D /* Frameworks */ = {
			isa = PBXFrameworksBuildPhase;
			buildActionMask = 2147483647;
			files = (
				815E9F5442F04604594853B7 /* Pods_BlocknoteTests.framework in Frameworks */,
			);
			runOnlyForDeploymentPostprocessing = 0;
		};
		1F87977B2141AACA004BEA1D /* Frameworks */ = {
			isa = PBXFrameworksBuildPhase;
			buildActionMask = 2147483647;
			files = (
				C02436C3FAEAD0007B81C6F4 /* Pods_BlocknoteUITests.framework in Frameworks */,
			);
			runOnlyForDeploymentPostprocessing = 0;
		};
/* End PBXFrameworksBuildPhase section */

/* Begin PBXGroup section */
		0A38C9D6AD018EDEEFC7A4A9 /* Pods */ = {
			isa = PBXGroup;
			children = (
				AE27B85EACE208EB9B4F2CDC /* Pods-Blocknote.debug.xcconfig */,
				1CCE52DDE6B7A8A7E8756114 /* Pods-Blocknote.release.xcconfig */,
				4F33B7DB043AE765B15BD66A /* Pods-BlocknoteTests.debug.xcconfig */,
				A7BE4EBAE874332168773AD9 /* Pods-BlocknoteTests.release.xcconfig */,
				78EAFB2103D640D3D2330383 /* Pods-BlocknoteUITests.debug.xcconfig */,
				8F59364C2B703C43843E60F6 /* Pods-BlocknoteUITests.release.xcconfig */,
			);
			name = Pods;
			sourceTree = "<group>";
		};
		1F603A802141AD5A00AE293A /* Model */ = {
			isa = PBXGroup;
			children = (
				1F603A832141ADBE00AE293A /* Blockstack.swift */,
				1F603A852141AE4600AE293A /* Realm.swift */,
			);
			path = Model;
			sourceTree = "<group>";
		};
		1F603A812141AD6800AE293A /* View */ = {
			isa = PBXGroup;
			children = (
			);
			path = View;
			sourceTree = "<group>";
		};
		1F603A822141AD6F00AE293A /* Controller */ = {
			isa = PBXGroup;
			children = (
				1FF1EC8C21B1FD3D00840F69 /* BlockstackAuthViewController.swift */,
				1F603A872141AE7600AE293A /* Note */,
			);
			path = Controller;
			sourceTree = "<group>";
		};
		1F603A872141AE7600AE293A /* Note */ = {
			isa = PBXGroup;
			children = (
				1F8797642141AAC8004BEA1D /* NoteViewController.swift */,
				1F603A882141AE8A00AE293A /* AddNoteViewController.swift */,
				1F603A8A2141AEBD00AE293A /* NotesTableViewController.swift */,
			);
			path = Note;
			sourceTree = "<group>";
		};
		1F8797562141AAC8004BEA1D = {
			isa = PBXGroup;
			children = (
				1F8797612141AAC8004BEA1D /* Blocknote */,
				1F8797762141AAC9004BEA1D /* BlocknoteTests */,
				1F8797812141AACA004BEA1D /* BlocknoteUITests */,
				1F8797602141AAC8004BEA1D /* Products */,
				0A38C9D6AD018EDEEFC7A4A9 /* Pods */,
				FCBFDC8434A9F250DD288E9D /* Frameworks */,
			);
			sourceTree = "<group>";
		};
		1F8797602141AAC8004BEA1D /* Products */ = {
			isa = PBXGroup;
			children = (
				1F87975F2141AAC8004BEA1D /* Blocknote.app */,
				1F8797732141AAC9004BEA1D /* BlocknoteTests.xctest */,
				1F87977E2141AACA004BEA1D /* BlocknoteUITests.xctest */,
			);
			name = Products;
			sourceTree = "<group>";
		};
		1F8797612141AAC8004BEA1D /* Blocknote */ = {
			isa = PBXGroup;
			children = (
				1F603A802141AD5A00AE293A /* Model */,
				1F603A822141AD6F00AE293A /* Controller */,
				1F603A812141AD6800AE293A /* View */,
				1F8797662141AAC8004BEA1D /* Main.storyboard */,
				1F87976B2141AAC9004BEA1D /* LaunchScreen.storyboard */,
				1F8797622141AAC8004BEA1D /* AppDelegate.swift */,
				1F87976E2141AAC9004BEA1D /* Info.plist */,
				1F8797692141AAC9004BEA1D /* Assets.xcassets */,
			);
			path = Blocknote;
			sourceTree = "<group>";
		};
		1F8797762141AAC9004BEA1D /* BlocknoteTests */ = {
			isa = PBXGroup;
			children = (
				1F8797772141AAC9004BEA1D /* BlocknoteTests.swift */,
				1F8797792141AAC9004BEA1D /* Info.plist */,
			);
			path = BlocknoteTests;
			sourceTree = "<group>";
		};
		1F8797812141AACA004BEA1D /* BlocknoteUITests */ = {
			isa = PBXGroup;
			children = (
				1F8797822141AACA004BEA1D /* BlocknoteUITests.swift */,
				1F8797842141AACA004BEA1D /* Info.plist */,
			);
			path = BlocknoteUITests;
			sourceTree = "<group>";
		};
		FCBFDC8434A9F250DD288E9D /* Frameworks */ = {
			isa = PBXGroup;
			children = (
				2E77D9754FB8B9C7D3C73059 /* Pods_Blocknote.framework */,
				0F503D83B4838D61781CC12B /* Pods_BlocknoteTests.framework */,
				7D08CD3BC156C32A6FD32E06 /* Pods_BlocknoteUITests.framework */,
			);
			name = Frameworks;
			sourceTree = "<group>";
		};
/* End PBXGroup section */

/* Begin PBXNativeTarget section */
		1F87975E2141AAC8004BEA1D /* Blocknote */ = {
			isa = PBXNativeTarget;
			buildConfigurationList = 1F8797872141AACA004BEA1D /* Build configuration list for PBXNativeTarget "Blocknote" */;
			buildPhases = (
				814474A0123581CE42851B8C /* [CP] Check Pods Manifest.lock */,
				1F87975B2141AAC8004BEA1D /* Sources */,
				1F87975C2141AAC8004BEA1D /* Frameworks */,
				1F87975D2141AAC8004BEA1D /* Resources */,
				64FC717D8CF6839010EE40C6 /* [CP] Embed Pods Frameworks */,
			);
			buildRules = (
			);
			dependencies = (
			);
			name = Blocknote;
			productName = Blocknote;
			productReference = 1F87975F2141AAC8004BEA1D /* Blocknote.app */;
			productType = "com.apple.product-type.application";
		};
		1F8797722141AAC9004BEA1D /* BlocknoteTests */ = {
			isa = PBXNativeTarget;
			buildConfigurationList = 1F87978A2141AACA004BEA1D /* Build configuration list for PBXNativeTarget "BlocknoteTests" */;
			buildPhases = (
				9D6E7A706E876AD5A88727D6 /* [CP] Check Pods Manifest.lock */,
				1F87976F2141AAC9004BEA1D /* Sources */,
				1F8797702141AAC9004BEA1D /* Frameworks */,
				1F8797712141AAC9004BEA1D /* Resources */,
			);
			buildRules = (
			);
			dependencies = (
				1F8797752141AAC9004BEA1D /* PBXTargetDependency */,
			);
			name = BlocknoteTests;
			productName = BlocknoteTests;
			productReference = 1F8797732141AAC9004BEA1D /* BlocknoteTests.xctest */;
			productType = "com.apple.product-type.bundle.unit-test";
		};
		1F87977D2141AACA004BEA1D /* BlocknoteUITests */ = {
			isa = PBXNativeTarget;
			buildConfigurationList = 1F87978D2141AACA004BEA1D /* Build configuration list for PBXNativeTarget "BlocknoteUITests" */;
			buildPhases = (
				3B770803426292C2B31A0FC4 /* [CP] Check Pods Manifest.lock */,
				1F87977A2141AACA004BEA1D /* Sources */,
				1F87977B2141AACA004BEA1D /* Frameworks */,
				1F87977C2141AACA004BEA1D /* Resources */,
			);
			buildRules = (
			);
			dependencies = (
				1F8797802141AACA004BEA1D /* PBXTargetDependency */,
			);
			name = BlocknoteUITests;
			productName = BlocknoteUITests;
			productReference = 1F87977E2141AACA004BEA1D /* BlocknoteUITests.xctest */;
			productType = "com.apple.product-type.bundle.ui-testing";
		};
/* End PBXNativeTarget section */

/* Begin PBXProject section */
		1F8797572141AAC8004BEA1D /* Project object */ = {
			isa = PBXProject;
			attributes = {
				LastSwiftUpdateCheck = 1000;
				LastUpgradeCheck = 1000;
				ORGANIZATIONNAME = "Travis McCormick";
				TargetAttributes = {
					1F87975E2141AAC8004BEA1D = {
						CreatedOnToolsVersion = 10.0;
					};
					1F8797722141AAC9004BEA1D = {
						CreatedOnToolsVersion = 10.0;
						TestTargetID = 1F87975E2141AAC8004BEA1D;
					};
					1F87977D2141AACA004BEA1D = {
						CreatedOnToolsVersion = 10.0;
						TestTargetID = 1F87975E2141AAC8004BEA1D;
					};
				};
			};
			buildConfigurationList = 1F87975A2141AAC8004BEA1D /* Build configuration list for PBXProject "Blocknote" */;
			compatibilityVersion = "Xcode 9.3";
			developmentRegion = en;
			hasScannedForEncodings = 0;
			knownRegions = (
				en,
				Base,
			);
			mainGroup = 1F8797562141AAC8004BEA1D;
			productRefGroup = 1F8797602141AAC8004BEA1D /* Products */;
			projectDirPath = "";
			projectRoot = "";
			targets = (
				1F87975E2141AAC8004BEA1D /* Blocknote */,
				1F8797722141AAC9004BEA1D /* BlocknoteTests */,
				1F87977D2141AACA004BEA1D /* BlocknoteUITests */,
			);
		};
/* End PBXProject section */

/* Begin PBXResourcesBuildPhase section */
		1F87975D2141AAC8004BEA1D /* Resources */ = {
			isa = PBXResourcesBuildPhase;
			buildActionMask = 2147483647;
			files = (
				1F87976D2141AAC9004BEA1D /* LaunchScreen.storyboard in Resources */,
				1F87976A2141AAC9004BEA1D /* Assets.xcassets in Resources */,
				1F8797682141AAC8004BEA1D /* Main.storyboard in Resources */,
			);
			runOnlyForDeploymentPostprocessing = 0;
		};
		1F8797712141AAC9004BEA1D /* Resources */ = {
			isa = PBXResourcesBuildPhase;
			buildActionMask = 2147483647;
			files = (
			);
			runOnlyForDeploymentPostprocessing = 0;
		};
		1F87977C2141AACA004BEA1D /* Resources */ = {
			isa = PBXResourcesBuildPhase;
			buildActionMask = 2147483647;
			files = (
			);
			runOnlyForDeploymentPostprocessing = 0;
		};
/* End PBXResourcesBuildPhase section */

/* Begin PBXShellScriptBuildPhase section */
		3B770803426292C2B31A0FC4 /* [CP] Check Pods Manifest.lock */ = {
			isa = PBXShellScriptBuildPhase;
			buildActionMask = 2147483647;
			files = (
			);
			inputPaths = (
				"${PODS_PODFILE_DIR_PATH}/Podfile.lock",
				"${PODS_ROOT}/Manifest.lock",
			);
			name = "[CP] Check Pods Manifest.lock";
			outputPaths = (
				"$(DERIVED_FILE_DIR)/Pods-BlocknoteUITests-checkManifestLockResult.txt",
			);
			runOnlyForDeploymentPostprocessing = 0;
			shellPath = /bin/sh;
			shellScript = "diff \"${PODS_PODFILE_DIR_PATH}/Podfile.lock\" \"${PODS_ROOT}/Manifest.lock\" > /dev/null\nif [ $? != 0 ] ; then\n    # print error to STDERR\n    echo \"error: The sandbox is not in sync with the Podfile.lock. Run 'pod install' or update your CocoaPods installation.\" >&2\n    exit 1\nfi\n# This output is used by Xcode 'outputs' to avoid re-running this script phase.\necho \"SUCCESS\" > \"${SCRIPT_OUTPUT_FILE_0}\"\n";
			showEnvVarsInLog = 0;
		};
		64FC717D8CF6839010EE40C6 /* [CP] Embed Pods Frameworks */ = {
			isa = PBXShellScriptBuildPhase;
			buildActionMask = 2147483647;
			files = (
			);
			inputPaths = (
				"${SRCROOT}/Pods/Target Support Files/Pods-Blocknote/Pods-Blocknote-frameworks.sh",
				"${BUILT_PRODUCTS_DIR}/Blockstack/Blockstack.framework",
				"${BUILT_PRODUCTS_DIR}/CryptoSwift/CryptoSwift.framework",
				"${BUILT_PRODUCTS_DIR}/Realm/Realm.framework",
				"${BUILT_PRODUCTS_DIR}/RealmSwift/RealmSwift.framework",
				"${BUILT_PRODUCTS_DIR}/Spring/Spring.framework",
			);
			name = "[CP] Embed Pods Frameworks";
			outputPaths = (
				"${TARGET_BUILD_DIR}/${FRAMEWORKS_FOLDER_PATH}/Blockstack.framework",
				"${TARGET_BUILD_DIR}/${FRAMEWORKS_FOLDER_PATH}/CryptoSwift.framework",
				"${TARGET_BUILD_DIR}/${FRAMEWORKS_FOLDER_PATH}/Realm.framework",
				"${TARGET_BUILD_DIR}/${FRAMEWORKS_FOLDER_PATH}/RealmSwift.framework",
				"${TARGET_BUILD_DIR}/${FRAMEWORKS_FOLDER_PATH}/Spring.framework",
			);
			runOnlyForDeploymentPostprocessing = 0;
			shellPath = /bin/sh;
			shellScript = "\"${SRCROOT}/Pods/Target Support Files/Pods-Blocknote/Pods-Blocknote-frameworks.sh\"\n";
			showEnvVarsInLog = 0;
		};
		814474A0123581CE42851B8C /* [CP] Check Pods Manifest.lock */ = {
			isa = PBXShellScriptBuildPhase;
			buildActionMask = 2147483647;
			files = (
			);
			inputPaths = (
				"${PODS_PODFILE_DIR_PATH}/Podfile.lock",
				"${PODS_ROOT}/Manifest.lock",
			);
			name = "[CP] Check Pods Manifest.lock";
			outputPaths = (
				"$(DERIVED_FILE_DIR)/Pods-Blocknote-checkManifestLockResult.txt",
			);
			runOnlyForDeploymentPostprocessing = 0;
			shellPath = /bin/sh;
			shellScript = "diff \"${PODS_PODFILE_DIR_PATH}/Podfile.lock\" \"${PODS_ROOT}/Manifest.lock\" > /dev/null\nif [ $? != 0 ] ; then\n    # print error to STDERR\n    echo \"error: The sandbox is not in sync with the Podfile.lock. Run 'pod install' or update your CocoaPods installation.\" >&2\n    exit 1\nfi\n# This output is used by Xcode 'outputs' to avoid re-running this script phase.\necho \"SUCCESS\" > \"${SCRIPT_OUTPUT_FILE_0}\"\n";
			showEnvVarsInLog = 0;
		};
		9D6E7A706E876AD5A88727D6 /* [CP] Check Pods Manifest.lock */ = {
			isa = PBXShellScriptBuildPhase;
			buildActionMask = 2147483647;
			files = (
			);
			inputPaths = (
				"${PODS_PODFILE_DIR_PATH}/Podfile.lock",
				"${PODS_ROOT}/Manifest.lock",
			);
			name = "[CP] Check Pods Manifest.lock";
			outputPaths = (
				"$(DERIVED_FILE_DIR)/Pods-BlocknoteTests-checkManifestLockResult.txt",
			);
			runOnlyForDeploymentPostprocessing = 0;
			shellPath = /bin/sh;
			shellScript = "diff \"${PODS_PODFILE_DIR_PATH}/Podfile.lock\" \"${PODS_ROOT}/Manifest.lock\" > /dev/null\nif [ $? != 0 ] ; then\n    # print error to STDERR\n    echo \"error: The sandbox is not in sync with the Podfile.lock. Run 'pod install' or update your CocoaPods installation.\" >&2\n    exit 1\nfi\n# This output is used by Xcode 'outputs' to avoid re-running this script phase.\necho \"SUCCESS\" > \"${SCRIPT_OUTPUT_FILE_0}\"\n";
			showEnvVarsInLog = 0;
		};
/* End PBXShellScriptBuildPhase section */

/* Begin PBXSourcesBuildPhase section */
		1F87975B2141AAC8004BEA1D /* Sources */ = {
			isa = PBXSourcesBuildPhase;
			buildActionMask = 2147483647;
			files = (
				1F8797652141AAC8004BEA1D /* NoteViewController.swift in Sources */,
				1F8797632141AAC8004BEA1D /* AppDelegate.swift in Sources */,
				1F603A842141ADBE00AE293A /* Blockstack.swift in Sources */,
				1F603A892141AE8A00AE293A /* AddNoteViewController.swift in Sources */,
				1F603A862141AE4600AE293A /* Realm.swift in Sources */,
				1FF1EC8D21B1FD3D00840F69 /* BlockstackAuthViewController.swift in Sources */,
				1F603A8B2141AEBD00AE293A /* NotesTableViewController.swift in Sources */,
			);
			runOnlyForDeploymentPostprocessing = 0;
		};
		1F87976F2141AAC9004BEA1D /* Sources */ = {
			isa = PBXSourcesBuildPhase;
			buildActionMask = 2147483647;
			files = (
				1F8797782141AAC9004BEA1D /* BlocknoteTests.swift in Sources */,
			);
			runOnlyForDeploymentPostprocessing = 0;
		};
		1F87977A2141AACA004BEA1D /* Sources */ = {
			isa = PBXSourcesBuildPhase;
			buildActionMask = 2147483647;
			files = (
				1F8797832141AACA004BEA1D /* BlocknoteUITests.swift in Sources */,
			);
			runOnlyForDeploymentPostprocessing = 0;
		};
/* End PBXSourcesBuildPhase section */

/* Begin PBXTargetDependency section */
		1F8797752141AAC9004BEA1D /* PBXTargetDependency */ = {
			isa = PBXTargetDependency;
			target = 1F87975E2141AAC8004BEA1D /* Blocknote */;
			targetProxy = 1F8797742141AAC9004BEA1D /* PBXContainerItemProxy */;
		};
		1F8797802141AACA004BEA1D /* PBXTargetDependency */ = {
			isa = PBXTargetDependency;
			target = 1F87975E2141AAC8004BEA1D /* Blocknote */;
			targetProxy = 1F87977F2141AACA004BEA1D /* PBXContainerItemProxy */;
		};
/* End PBXTargetDependency section */

/* Begin PBXVariantGroup section */
		1F8797662141AAC8004BEA1D /* Main.storyboard */ = {
			isa = PBXVariantGroup;
			children = (
				1F8797672141AAC8004BEA1D /* Base */,
			);
			name = Main.storyboard;
			sourceTree = "<group>";
		};
		1F87976B2141AAC9004BEA1D /* LaunchScreen.storyboard */ = {
			isa = PBXVariantGroup;
			children = (
				1F87976C2141AAC9004BEA1D /* Base */,
			);
			name = LaunchScreen.storyboard;
			sourceTree = "<group>";
		};
/* End PBXVariantGroup section */

/* Begin XCBuildConfiguration section */
		1F8797852141AACA004BEA1D /* Debug */ = {
			isa = XCBuildConfiguration;
			buildSettings = {
				ALWAYS_SEARCH_USER_PATHS = NO;
				CLANG_ANALYZER_NONNULL = YES;
				CLANG_ANALYZER_NUMBER_OBJECT_CONVERSION = YES_AGGRESSIVE;
				CLANG_CXX_LANGUAGE_STANDARD = "gnu++14";
				CLANG_CXX_LIBRARY = "libc++";
				CLANG_ENABLE_MODULES = YES;
				CLANG_ENABLE_OBJC_ARC = YES;
				CLANG_ENABLE_OBJC_WEAK = YES;
				CLANG_WARN_BLOCK_CAPTURE_AUTORELEASING = YES;
				CLANG_WARN_BOOL_CONVERSION = YES;
				CLANG_WARN_COMMA = YES;
				CLANG_WARN_CONSTANT_CONVERSION = YES;
				CLANG_WARN_DEPRECATED_OBJC_IMPLEMENTATIONS = YES;
				CLANG_WARN_DIRECT_OBJC_ISA_USAGE = YES_ERROR;
				CLANG_WARN_DOCUMENTATION_COMMENTS = YES;
				CLANG_WARN_EMPTY_BODY = YES;
				CLANG_WARN_ENUM_CONVERSION = YES;
				CLANG_WARN_INFINITE_RECURSION = YES;
				CLANG_WARN_INT_CONVERSION = YES;
				CLANG_WARN_NON_LITERAL_NULL_CONVERSION = YES;
				CLANG_WARN_OBJC_IMPLICIT_RETAIN_SELF = YES;
				CLANG_WARN_OBJC_LITERAL_CONVERSION = YES;
				CLANG_WARN_OBJC_ROOT_CLASS = YES_ERROR;
				CLANG_WARN_RANGE_LOOP_ANALYSIS = YES;
				CLANG_WARN_STRICT_PROTOTYPES = YES;
				CLANG_WARN_SUSPICIOUS_MOVE = YES;
				CLANG_WARN_UNGUARDED_AVAILABILITY = YES_AGGRESSIVE;
				CLANG_WARN_UNREACHABLE_CODE = YES;
				CLANG_WARN__DUPLICATE_METHOD_MATCH = YES;
				CODE_SIGN_IDENTITY = "iPhone Developer";
				COPY_PHASE_STRIP = NO;
				DEBUG_INFORMATION_FORMAT = dwarf;
				ENABLE_STRICT_OBJC_MSGSEND = YES;
				ENABLE_TESTABILITY = YES;
				GCC_C_LANGUAGE_STANDARD = gnu11;
				GCC_DYNAMIC_NO_PIC = NO;
				GCC_NO_COMMON_BLOCKS = YES;
				GCC_OPTIMIZATION_LEVEL = 0;
				GCC_PREPROCESSOR_DEFINITIONS = (
					"DEBUG=1",
					"$(inherited)",
				);
				GCC_WARN_64_TO_32_BIT_CONVERSION = YES;
				GCC_WARN_ABOUT_RETURN_TYPE = YES_ERROR;
				GCC_WARN_UNDECLARED_SELECTOR = YES;
				GCC_WARN_UNINITIALIZED_AUTOS = YES_AGGRESSIVE;
				GCC_WARN_UNUSED_FUNCTION = YES;
				GCC_WARN_UNUSED_VARIABLE = YES;
				IPHONEOS_DEPLOYMENT_TARGET = 12.0;
				MTL_ENABLE_DEBUG_INFO = INCLUDE_SOURCE;
				MTL_FAST_MATH = YES;
				ONLY_ACTIVE_ARCH = YES;
				SDKROOT = iphoneos;
				SWIFT_ACTIVE_COMPILATION_CONDITIONS = DEBUG;
				SWIFT_OPTIMIZATION_LEVEL = "-Onone";
			};
			name = Debug;
		};
		1F8797862141AACA004BEA1D /* Release */ = {
			isa = XCBuildConfiguration;
			buildSettings = {
				ALWAYS_SEARCH_USER_PATHS = NO;
				CLANG_ANALYZER_NONNULL = YES;
				CLANG_ANALYZER_NUMBER_OBJECT_CONVERSION = YES_AGGRESSIVE;
				CLANG_CXX_LANGUAGE_STANDARD = "gnu++14";
				CLANG_CXX_LIBRARY = "libc++";
				CLANG_ENABLE_MODULES = YES;
				CLANG_ENABLE_OBJC_ARC = YES;
				CLANG_ENABLE_OBJC_WEAK = YES;
				CLANG_WARN_BLOCK_CAPTURE_AUTORELEASING = YES;
				CLANG_WARN_BOOL_CONVERSION = YES;
				CLANG_WARN_COMMA = YES;
				CLANG_WARN_CONSTANT_CONVERSION = YES;
				CLANG_WARN_DEPRECATED_OBJC_IMPLEMENTATIONS = YES;
				CLANG_WARN_DIRECT_OBJC_ISA_USAGE = YES_ERROR;
				CLANG_WARN_DOCUMENTATION_COMMENTS = YES;
				CLANG_WARN_EMPTY_BODY = YES;
				CLANG_WARN_ENUM_CONVERSION = YES;
				CLANG_WARN_INFINITE_RECURSION = YES;
				CLANG_WARN_INT_CONVERSION = YES;
				CLANG_WARN_NON_LITERAL_NULL_CONVERSION = YES;
				CLANG_WARN_OBJC_IMPLICIT_RETAIN_SELF = YES;
				CLANG_WARN_OBJC_LITERAL_CONVERSION = YES;
				CLANG_WARN_OBJC_ROOT_CLASS = YES_ERROR;
				CLANG_WARN_RANGE_LOOP_ANALYSIS = YES;
				CLANG_WARN_STRICT_PROTOTYPES = YES;
				CLANG_WARN_SUSPICIOUS_MOVE = YES;
				CLANG_WARN_UNGUARDED_AVAILABILITY = YES_AGGRESSIVE;
				CLANG_WARN_UNREACHABLE_CODE = YES;
				CLANG_WARN__DUPLICATE_METHOD_MATCH = YES;
				CODE_SIGN_IDENTITY = "iPhone Developer";
				COPY_PHASE_STRIP = NO;
				DEBUG_INFORMATION_FORMAT = "dwarf-with-dsym";
				ENABLE_NS_ASSERTIONS = NO;
				ENABLE_STRICT_OBJC_MSGSEND = YES;
				GCC_C_LANGUAGE_STANDARD = gnu11;
				GCC_NO_COMMON_BLOCKS = YES;
				GCC_WARN_64_TO_32_BIT_CONVERSION = YES;
				GCC_WARN_ABOUT_RETURN_TYPE = YES_ERROR;
				GCC_WARN_UNDECLARED_SELECTOR = YES;
				GCC_WARN_UNINITIALIZED_AUTOS = YES_AGGRESSIVE;
				GCC_WARN_UNUSED_FUNCTION = YES;
				GCC_WARN_UNUSED_VARIABLE = YES;
				IPHONEOS_DEPLOYMENT_TARGET = 12.0;
				MTL_ENABLE_DEBUG_INFO = NO;
				MTL_FAST_MATH = YES;
				SDKROOT = iphoneos;
				SWIFT_COMPILATION_MODE = wholemodule;
				SWIFT_OPTIMIZATION_LEVEL = "-O";
				VALIDATE_PRODUCT = YES;
			};
			name = Release;
		};
		1F8797882141AACA004BEA1D /* Debug */ = {
			isa = XCBuildConfiguration;
			baseConfigurationReference = AE27B85EACE208EB9B4F2CDC /* Pods-Blocknote.debug.xcconfig */;
			buildSettings = {
				ASSETCATALOG_COMPILER_APPICON_NAME = AppIcon;
				CODE_SIGN_STYLE = Automatic;
				DEVELOPMENT_TEAM = 8M59PH3Z86;
				INFOPLIST_FILE = Blocknote/Info.plist;
				LD_RUNPATH_SEARCH_PATHS = (
					"$(inherited)",
					"@executable_path/Frameworks",
				);
				PRODUCT_BUNDLE_IDENTIFIER = com.travjunt.Blocknote;
				PRODUCT_NAME = "$(TARGET_NAME)";
				SWIFT_VERSION = 4.2;
				TARGETED_DEVICE_FAMILY = "1,2";
			};
			name = Debug;
		};
		1F8797892141AACA004BEA1D /* Release */ = {
			isa = XCBuildConfiguration;
			baseConfigurationReference = 1CCE52DDE6B7A8A7E8756114 /* Pods-Blocknote.release.xcconfig */;
			buildSettings = {
				ASSETCATALOG_COMPILER_APPICON_NAME = AppIcon;
				CODE_SIGN_STYLE = Automatic;
				DEVELOPMENT_TEAM = 8M59PH3Z86;
				INFOPLIST_FILE = Blocknote/Info.plist;
				LD_RUNPATH_SEARCH_PATHS = (
					"$(inherited)",
					"@executable_path/Frameworks",
				);
				PRODUCT_BUNDLE_IDENTIFIER = com.travjunt.Blocknote;
				PRODUCT_NAME = "$(TARGET_NAME)";
				SWIFT_VERSION = 4.2;
				TARGETED_DEVICE_FAMILY = "1,2";
			};
			name = Release;
		};
		1F87978B2141AACA004BEA1D /* Debug */ = {
			isa = XCBuildConfiguration;
			baseConfigurationReference = 4F33B7DB043AE765B15BD66A /* Pods-BlocknoteTests.debug.xcconfig */;
			buildSettings = {
				ALWAYS_EMBED_SWIFT_STANDARD_LIBRARIES = YES;
				BUNDLE_LOADER = "$(TEST_HOST)";
				CODE_SIGN_STYLE = Automatic;
				DEVELOPMENT_TEAM = 8M59PH3Z86;
				INFOPLIST_FILE = BlocknoteTests/Info.plist;
				LD_RUNPATH_SEARCH_PATHS = (
					"$(inherited)",
					"@executable_path/Frameworks",
					"@loader_path/Frameworks",
				);
				PRODUCT_BUNDLE_IDENTIFIER = com.travjunt.BlocknoteTests;
				PRODUCT_NAME = "$(TARGET_NAME)";
				SWIFT_VERSION = 4.2;
				TARGETED_DEVICE_FAMILY = "1,2";
				TEST_HOST = "$(BUILT_PRODUCTS_DIR)/Blocknote.app/Blocknote";
			};
			name = Debug;
		};
		1F87978C2141AACA004BEA1D /* Release */ = {
			isa = XCBuildConfiguration;
			baseConfigurationReference = A7BE4EBAE874332168773AD9 /* Pods-BlocknoteTests.release.xcconfig */;
			buildSettings = {
				ALWAYS_EMBED_SWIFT_STANDARD_LIBRARIES = YES;
				BUNDLE_LOADER = "$(TEST_HOST)";
				CODE_SIGN_STYLE = Automatic;
				DEVELOPMENT_TEAM = 8M59PH3Z86;
				INFOPLIST_FILE = BlocknoteTests/Info.plist;
				LD_RUNPATH_SEARCH_PATHS = (
					"$(inherited)",
					"@executable_path/Frameworks",
					"@loader_path/Frameworks",
				);
				PRODUCT_BUNDLE_IDENTIFIER = com.travjunt.BlocknoteTests;
				PRODUCT_NAME = "$(TARGET_NAME)";
				SWIFT_VERSION = 4.2;
				TARGETED_DEVICE_FAMILY = "1,2";
				TEST_HOST = "$(BUILT_PRODUCTS_DIR)/Blocknote.app/Blocknote";
			};
			name = Release;
		};
		1F87978E2141AACA004BEA1D /* Debug */ = {
			isa = XCBuildConfiguration;
			baseConfigurationReference = 78EAFB2103D640D3D2330383 /* Pods-BlocknoteUITests.debug.xcconfig */;
			buildSettings = {
				ALWAYS_EMBED_SWIFT_STANDARD_LIBRARIES = YES;
				CODE_SIGN_STYLE = Automatic;
				DEVELOPMENT_TEAM = 8M59PH3Z86;
				INFOPLIST_FILE = BlocknoteUITests/Info.plist;
				LD_RUNPATH_SEARCH_PATHS = (
					"$(inherited)",
					"@executable_path/Frameworks",
					"@loader_path/Frameworks",
				);
				PRODUCT_BUNDLE_IDENTIFIER = com.travjunt.BlocknoteUITests;
				PRODUCT_NAME = "$(TARGET_NAME)";
				SWIFT_VERSION = 4.2;
				TARGETED_DEVICE_FAMILY = "1,2";
				TEST_TARGET_NAME = Blocknote;
			};
			name = Debug;
		};
		1F87978F2141AACA004BEA1D /* Release */ = {
			isa = XCBuildConfiguration;
			baseConfigurationReference = 8F59364C2B703C43843E60F6 /* Pods-BlocknoteUITests.release.xcconfig */;
			buildSettings = {
				ALWAYS_EMBED_SWIFT_STANDARD_LIBRARIES = YES;
				CODE_SIGN_STYLE = Automatic;
				DEVELOPMENT_TEAM = 8M59PH3Z86;
				INFOPLIST_FILE = BlocknoteUITests/Info.plist;
				LD_RUNPATH_SEARCH_PATHS = (
					"$(inherited)",
					"@executable_path/Frameworks",
					"@loader_path/Frameworks",
				);
				PRODUCT_BUNDLE_IDENTIFIER = com.travjunt.BlocknoteUITests;
				PRODUCT_NAME = "$(TARGET_NAME)";
				SWIFT_VERSION = 4.2;
				TARGETED_DEVICE_FAMILY = "1,2";
				TEST_TARGET_NAME = Blocknote;
			};
			name = Release;
		};
/* End XCBuildConfiguration section */

/* Begin XCConfigurationList section */
		1F87975A2141AAC8004BEA1D /* Build configuration list for PBXProject "Blocknote" */ = {
			isa = XCConfigurationList;
			buildConfigurations = (
				1F8797852141AACA004BEA1D /* Debug */,
				1F8797862141AACA004BEA1D /* Release */,
			);
			defaultConfigurationIsVisible = 0;
			defaultConfigurationName = Release;
		};
		1F8797872141AACA004BEA1D /* Build configuration list for PBXNativeTarget "Blocknote" */ = {
			isa = XCConfigurationList;
			buildConfigurations = (
				1F8797882141AACA004BEA1D /* Debug */,
				1F8797892141AACA004BEA1D /* Release */,
			);
			defaultConfigurationIsVisible = 0;
			defaultConfigurationName = Release;
		};
		1F87978A2141AACA004BEA1D /* Build configuration list for PBXNativeTarget "BlocknoteTests" */ = {
			isa = XCConfigurationList;
			buildConfigurations = (
				1F87978B2141AACA004BEA1D /* Debug */,
				1F87978C2141AACA004BEA1D /* Release */,
			);
			defaultConfigurationIsVisible = 0;
			defaultConfigurationName = Release;
		};
		1F87978D2141AACA004BEA1D /* Build configuration list for PBXNativeTarget "BlocknoteUITests" */ = {
			isa = XCConfigurationList;
			buildConfigurations = (
				1F87978E2141AACA004BEA1D /* Debug */,
				1F87978F2141AACA004BEA1D /* Release */,
			);
			defaultConfigurationIsVisible = 0;
			defaultConfigurationName = Release;
		};
/* End XCConfigurationList section */
	};
	rootObject = 1F8797572141AAC8004BEA1D /* Project object */;
}
